
Microsoft Visual Studio Solution File, Format Version 12.00
# Visual Studio Version 17
VisualStudioVersion = 17.5.002.0
MinimumVisualStudioVersion = 10.0.40219.1
Project("{9A19103F-16F7-4668-BE54-9A1E7A4F7556}") = "nome-completo", "nome-completo.csproj", "{E098BD5E-4AB3-482A-A1E4-E99F883BE0CA}"
EndProject
Global
	GlobalSection(SolutionConfigurationPlatforms) = preSolution
		Debug|Any CPU = Debug|Any CPU
		Release|Any CPU = Release|Any CPU
	EndGlobalSection
	GlobalSection(ProjectConfigurationPlatforms) = postSolution
		{E098BD5E-4AB3-482A-A1E4-E99F883BE0CA}.Debug|Any CPU.ActiveCfg = Debug|Any CPU
		{E098BD5E-4AB3-482A-A1E4-E99F883BE0CA}.Debug|Any CPU.Build.0 = Debug|Any CPU
		{E098BD5E-4AB3-482A-A1E4-E99F883BE0CA}.Release|Any CPU.ActiveCfg = Release|Any CPU
		{E098BD5E-4AB3-482A-A1E4-E99F883BE0CA}.Release|Any CPU.Build.0 = Release|Any CPU
	EndGlobalSection
	GlobalSection(SolutionProperties) = preSolution
		HideSolutionNode = FALSE
	EndGlobalSection
	GlobalSection(ExtensibilityGlobals) = postSolution
		SolutionGuid = {258F19F4-A9A9-44AE-9E46-D762B79DD113}
	EndGlobalSection
EndGlobal
